{
  "nodes": {
    "base16": {
      "inputs": {
        "fromYaml": "fromYaml"
      },
      "locked": {
        "lastModified": 1746562888,
        "narHash": "sha256-YgNJQyB5dQiwavdDFBMNKk1wyS77AtdgDk/VtU6wEaI=",
        "owner": "SenchoPens",
        "repo": "base16.nix",
        "rev": "806a1777a5db2a1ef9d5d6f493ef2381047f2b89",
        "type": "github"
      },
      "original": {
        "owner": "SenchoPens",
        "repo": "base16.nix",
        "type": "github"
      }
    },
    "base16-fish": {
      "flake": false,
      "locked": {
        "lastModified": 1622559957,
        "narHash": "sha256-PebymhVYbL8trDVVXxCvZgc0S5VxI7I1Hv4RMSquTpA=",
        "owner": "tomyun",
        "repo": "base16-fish",
        "rev": "2f6dd973a9075dabccd26f1cded09508180bf5fe",
        "type": "github"
      },
      "original": {
        "owner": "tomyun",
        "repo": "base16-fish",
        "type": "github"
      }
    },
    "base16-helix": {
      "flake": false,
      "locked": {
        "lastModified": 1752979451,
        "narHash": "sha256-0CQM+FkYy0fOO/sMGhOoNL80ftsAzYCg9VhIrodqusM=",
        "owner": "tinted-theming",
        "repo": "base16-helix",
        "rev": "27cf1e66e50abc622fb76a3019012dc07c678fac",
        "type": "github"
      },
      "original": {
        "owner": "tinted-theming",
        "repo": "base16-helix",
        "type": "github"
      }
    },
    "base16-vim": {
      "flake": false,
      "locked": {
        "lastModified": 1732806396,
        "narHash": "sha256-e0bpPySdJf0F68Ndanwm+KWHgQiZ0s7liLhvJSWDNsA=",
        "owner": "tinted-theming",
        "repo": "base16-vim",
        "rev": "577fe8125d74ff456cf942c733a85d769afe58b7",
        "type": "github"
      },
      "original": {
        "owner": "tinted-theming",
        "repo": "base16-vim",
        "rev": "577fe8125d74ff456cf942c733a85d769afe58b7",
        "type": "github"
      }
    },
    "firefox-gnome-theme": {
      "flake": false,
      "locked": {
        "lastModified": 1748383148,
        "narHash": "sha256-pGvD/RGuuPf/4oogsfeRaeMm6ipUIznI2QSILKjKzeA=",
        "owner": "rafaelmardojai",
        "repo": "firefox-gnome-theme",
        "rev": "4eb2714fbed2b80e234312611a947d6cb7d70caf",
        "type": "github"
      },
      "original": {
        "owner": "rafaelmardojai",
        "repo": "firefox-gnome-theme",
        "type": "github"
      }
    },
    "flake-parts": {
      "inputs": {
        "nixpkgs-lib": [
          "nur",
          "nixpkgs"
        ]
      },
      "locked": {
        "lastModified": 1733312601,
        "narHash": "sha256-4pDvzqnegAfRkPwO3wmwBhVi/Sye1mzps0zHWYnP88c=",
        "owner": "hercules-ci",
        "repo": "flake-parts",
        "rev": "205b12d8b7cd4802fbcb8e8ef6a0f1408781a4f9",
        "type": "github"
      },
      "original": {
        "owner": "hercules-ci",
        "repo": "flake-parts",
        "type": "github"
      }
    },
    "flake-parts_2": {
      "inputs": {
        "nixpkgs-lib": [
          "stylix",
          "nixpkgs"
        ]
      },
      "locked": {
        "lastModified": 1751413152,
        "narHash": "sha256-Tyw1RjYEsp5scoigs1384gIg6e0GoBVjms4aXFfRssQ=",
        "owner": "hercules-ci",
        "repo": "flake-parts",
        "rev": "77826244401ea9de6e3bac47c2db46005e1f30b5",
        "type": "github"
      },
      "original": {
        "owner": "hercules-ci",
        "repo": "flake-parts",
        "type": "github"
      }
    },
    "fromYaml": {
      "flake": false,
      "locked": {
        "lastModified": 1731966426,
        "narHash": "sha256-lq95WydhbUTWig/JpqiB7oViTcHFP8Lv41IGtayokA8=",
        "owner": "SenchoPens",
        "repo": "fromYaml",
        "rev": "106af9e2f715e2d828df706c386a685698f3223b",
        "type": "github"
      },
      "original": {
        "owner": "SenchoPens",
        "repo": "fromYaml",
        "type": "github"
      }
    },
    "gnome-shell": {
      "flake": false,
      "locked": {
        "lastModified": 1748186689,
        "narHash": "sha256-UaD7Y9f8iuLBMGHXeJlRu6U1Ggw5B9JnkFs3enZlap0=",
        "owner": "GNOME",
        "repo": "gnome-shell",
        "rev": "8c88f917db0f1f0d80fa55206c863d3746fa18d0",
        "type": "github"
      },
      "original": {
        "owner": "GNOME",
        "ref": "48.2",
        "repo": "gnome-shell",
        "type": "github"
      }
    },
    "home-manager": {
      "inputs": {
        "nixpkgs": [
          "nixpkgs"
        ]
      },
      "locked": {
        "lastModified": 1755914636,
        "narHash": "sha256-VJ+Gm6YsHlPfUCpmRQxvdiZW7H3YPSrdVOewQHAhZN8=",
        "owner": "nix-community",
        "repo": "home-manager",
        "rev": "8b55a6ac58b678199e5bba701aaff69e2b3281c0",
        "type": "github"
      },
      "original": {
        "owner": "nix-community",
        "repo": "home-manager",
        "type": "github"
      }
    },
    "home-manager_2": {
      "inputs": {
        "nixpkgs": [
          "zen-browser",
          "nixpkgs"
        ]
      },
      "locked": {
        "lastModified": 1752603129,
        "narHash": "sha256-S+wmHhwNQ5Ru689L2Gu8n1OD6s9eU9n9mD827JNR+kw=",
        "owner": "nix-community",
        "repo": "home-manager",
        "rev": "e8c19a3cec2814c754f031ab3ae7316b64da085b",
        "type": "github"
      },
      "original": {
        "owner": "nix-community",
        "repo": "home-manager",
        "type": "github"
      }
    },
    "niri": {
      "inputs": {
        "niri-stable": "niri-stable",
        "niri-unstable": "niri-unstable",
        "nixpkgs": [
          "nixpkgs"
        ],
        "nixpkgs-stable": "nixpkgs-stable",
        "xwayland-satellite-stable": "xwayland-satellite-stable",
        "xwayland-satellite-unstable": "xwayland-satellite-unstable"
      },
      "locked": {
        "lastModified": 1757622886,
        "narHash": "sha256-TfA395JLtF8cZkGFUOIeKLxsW3cTZuIdWSCx2lRPQrI=",
        "owner": "sodiboo",
        "repo": "niri-flake",
        "rev": "3b206f829194f7e19b2ff1cf4193c6404e2692f7",
        "type": "github"
      },
      "original": {
        "owner": "sodiboo",
        "repo": "niri-flake",
        "type": "github"
      }
    },
    "niri-stable": {
      "flake": false,
      "locked": {
        "lastModified": 1756556321,
        "narHash": "sha256-RLD89dfjN0RVO86C/Mot0T7aduCygPGaYbog566F0Qo=",
        "owner": "YaLTeR",
        "repo": "niri",
        "rev": "01be0e65f4eb91a9cd624ac0b76aaeab765c7294",
        "type": "github"
      },
      "original": {
        "owner": "YaLTeR",
        "ref": "v25.08",
        "repo": "niri",
        "type": "github"
      }
    },
    "niri-unstable": {
      "flake": false,
      "locked": {
        "lastModified": 1757358784,
        "narHash": "sha256-UNeUJW3c10z0aMJ87QKS85C/JgK9ng6pdRS0EwY6OLg=",
        "owner": "YaLTeR",
        "repo": "niri",
        "rev": "bdee1a657699a77bc4cdb050f7355f37f64c45a6",
        "type": "github"
      },
      "original": {
        "owner": "YaLTeR",
        "repo": "niri",
        "type": "github"
      }
    },
    "nix-flatpak": {
      "locked": {
        "lastModified": 1754777568,
        "narHash": "sha256-0bBqT+3XncgF8F03RFAamw9vdf0VmaDoIJLTGkjfQZs=",
        "owner": "gmodena",
        "repo": "nix-flatpak",
        "rev": "62f636b87ef6050760a8cb325cadb90674d1e23e",
        "type": "github"
      },
      "original": {
        "owner": "gmodena",
        "repo": "nix-flatpak",
        "type": "github"
      }
    },
    "nixos-hardware": {
      "locked": {
        "lastModified": 1755330281,
        "narHash": "sha256-aJHFJWP9AuI8jUGzI77LYcSlkA9wJnOIg4ZqftwNGXA=",
        "owner": "NixOS",
        "repo": "nixos-hardware",
        "rev": "3dac8a872557e0ca8c083cdcfc2f218d18e113b0",
        "type": "github"
      },
      "original": {
        "owner": "NixOS",
        "ref": "master",
        "repo": "nixos-hardware",
        "type": "github"
      }
    },
    "nixpkgs": {
      "locked": {
        "lastModified": 1755615617,
        "narHash": "sha256-HMwfAJBdrr8wXAkbGhtcby1zGFvs+StOp19xNsbqdOg=",
        "owner": "nixos",
        "repo": "nixpkgs",
        "rev": "20075955deac2583bb12f07151c2df830ef346b4",
        "type": "github"
      },
      "original": {
        "owner": "nixos",
        "ref": "nixos-unstable",
        "repo": "nixpkgs",
        "type": "github"
      }
    },
    "nixpkgs-stable": {
      "locked": {
        "lastModified": 1757545623,
        "narHash": "sha256-mCxPABZ6jRjUQx3bPP4vjA68ETbPLNz9V2pk9tO7pRQ=",
        "owner": "NixOS",
        "repo": "nixpkgs",
        "rev": "8cd5ce828d5d1d16feff37340171a98fc3bf6526",
        "type": "github"
      },
      "original": {
        "owner": "NixOS",
        "ref": "nixos-25.05",
        "repo": "nixpkgs",
        "type": "github"
      }
    },
    "nixpkgs_2": {
      "locked": {
        "lastModified": 1755615617,
        "narHash": "sha256-HMwfAJBdrr8wXAkbGhtcby1zGFvs+StOp19xNsbqdOg=",
        "owner": "nixos",
        "repo": "nixpkgs",
        "rev": "20075955deac2583bb12f07151c2df830ef346b4",
        "type": "github"
      },
      "original": {
        "owner": "nixos",
        "ref": "nixos-unstable",
        "repo": "nixpkgs",
        "type": "github"
      }
    },
    "nixpkgs_3": {
      "locked": {
        "lastModified": 1751792365,
        "narHash": "sha256-J1kI6oAj25IG4EdVlg2hQz8NZTBNYvIS0l4wpr9KcUo=",
        "owner": "NixOS",
        "repo": "nixpkgs",
        "rev": "1fd8bada0b6117e6c7eb54aad5813023eed37ccb",
        "type": "github"
      },
      "original": {
        "owner": "NixOS",
        "ref": "nixos-unstable",
        "repo": "nixpkgs",
        "type": "github"
      }
    },
    "nixpkgs_4": {
      "locked": {
        "lastModified": 1755615617,
        "narHash": "sha256-HMwfAJBdrr8wXAkbGhtcby1zGFvs+StOp19xNsbqdOg=",
        "owner": "nixos",
        "repo": "nixpkgs",
        "rev": "20075955deac2583bb12f07151c2df830ef346b4",
        "type": "github"
      },
      "original": {
        "owner": "nixos",
        "ref": "nixos-unstable",
        "repo": "nixpkgs",
        "type": "github"
      }
    },
    "nur": {
      "inputs": {
        "flake-parts": "flake-parts",
        "nixpkgs": "nixpkgs_2"
      },
      "locked": {
        "lastModified": 1755954273,
        "narHash": "sha256-h4eW3OcDBzOD3OfrxSkPdfj/qII+HI/UbDemjbWTZxk=",
        "owner": "nix-community",
        "repo": "NUR",
        "rev": "cd7b489898d6928e73bbf0a7e374d58f6ee7b4c6",
        "type": "github"
      },
      "original": {
        "owner": "nix-community",
        "repo": "NUR",
        "type": "github"
      }
    },
    "nur_2": {
      "inputs": {
        "flake-parts": [
          "stylix",
          "flake-parts"
        ],
        "nixpkgs": [
          "stylix",
          "nixpkgs"
        ]
      },
      "locked": {
        "lastModified": 1751906969,
        "narHash": "sha256-BSQAOdPnzdpOuCdAGSJmefSDlqmStFNScEnrWzSqKPw=",
        "owner": "nix-community",
        "repo": "NUR",
        "rev": "ddb679f4131e819efe3bbc6457ba19d7ad116f25",
        "type": "github"
      },
      "original": {
        "owner": "nix-community",
        "repo": "NUR",
        "type": "github"
      }
    },
    "root": {
      "inputs": {
        "home-manager": "home-manager",
        "niri": "niri",
        "nix-flatpak": "nix-flatpak",
        "nixos-hardware": "nixos-hardware",
        "nixpkgs": "nixpkgs",
        "nur": "nur",
        "sops-nix": "sops-nix",
        "spicetify-nix": "spicetify-nix",
        "stylix": "stylix",
        "zen-browser": "zen-browser"
      }
    },
    "sops-nix": {
      "inputs": {
        "nixpkgs": [
          "nixpkgs"
        ]
      },
      "locked": {
        "lastModified": 1754988908,
        "narHash": "sha256-t+voe2961vCgrzPFtZxha0/kmFSHFobzF00sT8p9h0U=",
        "owner": "Mic92",
        "repo": "sops-nix",
        "rev": "3223c7a92724b5d804e9988c6b447a0d09017d48",
        "type": "github"
      },
      "original": {
        "owner": "Mic92",
        "repo": "sops-nix",
        "type": "github"
      }
    },
    "spicetify-nix": {
      "inputs": {
        "nixpkgs": [
          "nixpkgs"
        ],
        "systems": "systems"
      },
      "locked": {
        "lastModified": 1755613017,
        "narHash": "sha256-QVT/L4QQr77IOq8z2L9atYIOZn78fwLfwDgbY/L+k50=",
        "owner": "Gerg-L",
        "repo": "spicetify-nix",
        "rev": "df3f3ff6db7e1f553288592496f6293d32164d8a",
        "type": "github"
      },
      "original": {
        "owner": "Gerg-L",
        "repo": "spicetify-nix",
        "type": "github"
      }
    },
    "stylix": {
      "inputs": {
        "base16": "base16",
        "base16-fish": "base16-fish",
        "base16-helix": "base16-helix",
        "base16-vim": "base16-vim",
        "firefox-gnome-theme": "firefox-gnome-theme",
        "flake-parts": "flake-parts_2",
        "gnome-shell": "gnome-shell",
        "nixpkgs": "nixpkgs_3",
        "nur": "nur_2",
        "systems": "systems_2",
        "tinted-foot": "tinted-foot",
        "tinted-kitty": "tinted-kitty",
        "tinted-schemes": "tinted-schemes",
        "tinted-tmux": "tinted-tmux",
        "tinted-zed": "tinted-zed"
      },
      "locked": {
        "lastModified": 1755708361,
        "narHash": "sha256-RmqBx2EamhIk0WVhQSNb8iehaVhilO7D0YAnMoFPqJQ=",
        "owner": "danth",
        "repo": "stylix",
        "rev": "2355da455d7188228aaf20ac16ea9386e5aa6f0c",
        "type": "github"
      },
      "original": {
        "owner": "danth",
        "repo": "stylix",
        "type": "github"
      }
    },
    "systems": {
      "locked": {
        "lastModified": 1681028828,
        "narHash": "sha256-Vy1rq5AaRuLzOxct8nz4T6wlgyUR7zLU309k9mBC768=",
        "owner": "nix-systems",
        "repo": "default",
        "rev": "da67096a3b9bf56a91d16901293e51ba5b49a27e",
        "type": "github"
      },
      "original": {
        "owner": "nix-systems",
        "repo": "default",
        "type": "github"
      }
    },
    "systems_2": {
      "locked": {
        "lastModified": 1681028828,
        "narHash": "sha256-Vy1rq5AaRuLzOxct8nz4T6wlgyUR7zLU309k9mBC768=",
        "owner": "nix-systems",
        "repo": "default",
        "rev": "da67096a3b9bf56a91d16901293e51ba5b49a27e",
        "type": "github"
      },
      "original": {
        "owner": "nix-systems",
        "repo": "default",
        "type": "github"
      }
    },
    "tinted-foot": {
      "flake": false,
      "locked": {
        "lastModified": 1726913040,
        "narHash": "sha256-+eDZPkw7efMNUf3/Pv0EmsidqdwNJ1TaOum6k7lngDQ=",
        "owner": "tinted-theming",
        "repo": "tinted-foot",
        "rev": "fd1b924b6c45c3e4465e8a849e67ea82933fcbe4",
        "type": "github"
      },
      "original": {
        "owner": "tinted-theming",
        "repo": "tinted-foot",
        "rev": "fd1b924b6c45c3e4465e8a849e67ea82933fcbe4",
        "type": "github"
      }
    },
    "tinted-kitty": {
      "flake": false,
      "locked": {
        "lastModified": 1735730497,
        "narHash": "sha256-4KtB+FiUzIeK/4aHCKce3V9HwRvYaxX+F1edUrfgzb8=",
        "owner": "tinted-theming",
        "repo": "tinted-kitty",
        "rev": "de6f888497f2c6b2279361bfc790f164bfd0f3fa",
        "type": "github"
      },
      "original": {
        "owner": "tinted-theming",
        "repo": "tinted-kitty",
        "type": "github"
      }
    },
    "tinted-schemes": {
      "flake": false,
      "locked": {
        "lastModified": 1750770351,
        "narHash": "sha256-LI+BnRoFNRa2ffbe3dcuIRYAUcGklBx0+EcFxlHj0SY=",
        "owner": "tinted-theming",
        "repo": "schemes",
        "rev": "5a775c6ffd6e6125947b393872cde95867d85a2a",
        "type": "github"
      },
      "original": {
        "owner": "tinted-theming",
        "repo": "schemes",
        "type": "github"
      }
    },
    "tinted-tmux": {
      "flake": false,
      "locked": {
        "lastModified": 1751159871,
        "narHash": "sha256-UOHBN1fgHIEzvPmdNMHaDvdRMgLmEJh2hNmDrp3d3LE=",
        "owner": "tinted-theming",
        "repo": "tinted-tmux",
        "rev": "bded5e24407cec9d01bd47a317d15b9223a1546c",
        "type": "github"
      },
      "original": {
        "owner": "tinted-theming",
        "repo": "tinted-tmux",
        "type": "github"
      }
    },
    "tinted-zed": {
      "flake": false,
      "locked": {
        "lastModified": 1751158968,
        "narHash": "sha256-ksOyv7D3SRRtebpXxgpG4TK8gZSKFc4TIZpR+C98jX8=",
        "owner": "tinted-theming",
        "repo": "base16-zed",
        "rev": "86a470d94204f7652b906ab0d378e4231a5b3384",
        "type": "github"
      },
      "original": {
        "owner": "tinted-theming",
        "repo": "base16-zed",
        "type": "github"
      }
    },
    "xwayland-satellite-stable": {
      "flake": false,
      "locked": {
        "lastModified": 1755491097,
        "narHash": "sha256-m+9tUfsmBeF2Gn4HWa6vSITZ4Gz1eA1F5Kh62B0N4oE=",
        "owner": "Supreeeme",
        "repo": "xwayland-satellite",
        "rev": "388d291e82ffbc73be18169d39470f340707edaa",
        "type": "github"
      },
      "original": {
        "owner": "Supreeeme",
        "ref": "v0.7",
        "repo": "xwayland-satellite",
        "type": "github"
      }
    },
    "xwayland-satellite-unstable": {
      "flake": false,
      "locked": {
        "lastModified": 1757179758,
        "narHash": "sha256-TIvyWzRt1miQj6Cf5Wy8Qz43XIZX7c4vTVwRLAT5S4Y=",
        "owner": "Supreeeme",
        "repo": "xwayland-satellite",
        "rev": "970728d0d9d1eada342bb8860af214b601139e58",
        "type": "github"
      },
      "original": {
        "owner": "Supreeeme",
        "repo": "xwayland-satellite",
        "type": "github"
      }
    },
    "zen-browser": {
      "inputs": {
        "home-manager": "home-manager_2",
        "nixpkgs": "nixpkgs_4"
      },
      "locked": {
        "lastModified": 1755922982,
        "narHash": "sha256-YMchUKtaIhICzwwiAP/j6G+KaqRA8xSnGV2dfdVXoHw=",
        "owner": "0xc000022070",
        "repo": "zen-browser-flake",
        "rev": "25f56c0f5b813312f38078418b2229ada41c4bcc",
        "type": "github"
      },
      "original": {
        "owner": "0xc000022070",
        "repo": "zen-browser-flake",
        "type": "github"
      }
    }
  },
  "root": "root",
  "version": 7
}
